
Microsoft Visual Studio Solution File, Format Version 12.00
# Visual Studio 14
VisualStudioVersion = 14.0.25420.1
MinimumVisualStudioVersion = 10.0.40219.1
Project("{FAE04EC0-301F-11D3-BF4B-00C04F79EFBC}") = "Stratego.Core", "Stratego.Core\Stratego.Core.csproj", "{0F44F0ED-00B5-40AF-B05C-A6291C2AA3F4}"
EndProject
Project("{FAE04EC0-301F-11D3-BF4B-00C04F79EFBC}") = "Stratego.Data", "Stratego.Data\Stratego.Data.csproj", "{7176C21F-027E-480E-8054-CE5B6135CCE6}"
EndProject
Project("{FAE04EC0-301F-11D3-BF4B-00C04F79EFBC}") = "Stratego.Service", "Stratego.Service\Stratego.Service.csproj", "{8165C116-02EB-461D-B192-20057BE7AF1E}"
EndProject
Project("{FAE04EC0-301F-11D3-BF4B-00C04F79EFBC}") = "Stratego.Test", "Stratego.Test\Stratego.Test.csproj", "{B9214EF9-F37A-4A82-B7C2-A291E6C164CD}"
EndProject
Project("{2150E333-8FDC-42A3-9474-1A3956D46DE8}") = "Stratego", "Stratego", "{5249B5AA-AE46-4698-A176-283985EEDDEA}"
EndProject
Project("{2150E333-8FDC-42A3-9474-1A3956D46DE8}") = "Montana", "Montana", "{EE1EAD99-E343-470B-A5F1-5B826E32A296}"
EndProject
Project("{FAE04EC0-301F-11D3-BF4B-00C04F79EFBC}") = "Montana", "Montana\Montana.csproj", "{B00E1A56-63DE-4F26-BCC3-630141581289}"
EndProject
Global
	GlobalSection(SolutionConfigurationPlatforms) = preSolution
		Debug|Any CPU = Debug|Any CPU
		Release|Any CPU = Release|Any CPU
	EndGlobalSection
	GlobalSection(ProjectConfigurationPlatforms) = postSolution
		{0F44F0ED-00B5-40AF-B05C-A6291C2AA3F4}.Debug|Any CPU.ActiveCfg = Debug|Any CPU
		{0F44F0ED-00B5-40AF-B05C-A6291C2AA3F4}.Debug|Any CPU.Build.0 = Debug|Any CPU
		{0F44F0ED-00B5-40AF-B05C-A6291C2AA3F4}.Release|Any CPU.ActiveCfg = Release|Any CPU
		{0F44F0ED-00B5-40AF-B05C-A6291C2AA3F4}.Release|Any CPU.Build.0 = Release|Any CPU
		{7176C21F-027E-480E-8054-CE5B6135CCE6}.Debug|Any CPU.ActiveCfg = Debug|Any CPU
		{7176C21F-027E-480E-8054-CE5B6135CCE6}.Debug|Any CPU.Build.0 = Debug|Any CPU
		{7176C21F-027E-480E-8054-CE5B6135CCE6}.Release|Any CPU.ActiveCfg = Release|Any CPU
		{7176C21F-027E-480E-8054-CE5B6135CCE6}.Release|Any CPU.Build.0 = Release|Any CPU
		{8165C116-02EB-461D-B192-20057BE7AF1E}.Debug|Any CPU.ActiveCfg = Debug|Any CPU
		{8165C116-02EB-461D-B192-20057BE7AF1E}.Debug|Any CPU.Build.0 = Debug|Any CPU
		{8165C116-02EB-461D-B192-20057BE7AF1E}.Release|Any CPU.ActiveCfg = Release|Any CPU
		{8165C116-02EB-461D-B192-20057BE7AF1E}.Release|Any CPU.Build.0 = Release|Any CPU
		{B9214EF9-F37A-4A82-B7C2-A291E6C164CD}.Debug|Any CPU.ActiveCfg = Debug|Any CPU
		{B9214EF9-F37A-4A82-B7C2-A291E6C164CD}.Debug|Any CPU.Build.0 = Debug|Any CPU
		{B9214EF9-F37A-4A82-B7C2-A291E6C164CD}.Release|Any CPU.ActiveCfg = Release|Any CPU
		{B9214EF9-F37A-4A82-B7C2-A291E6C164CD}.Release|Any CPU.Build.0 = Release|Any CPU
		{B00E1A56-63DE-4F26-BCC3-630141581289}.Debug|Any CPU.ActiveCfg = Debug|Any CPU
		{B00E1A56-63DE-4F26-BCC3-630141581289}.Debug|Any CPU.Build.0 = Debug|Any CPU
		{B00E1A56-63DE-4F26-BCC3-630141581289}.Release|Any CPU.ActiveCfg = Release|Any CPU
		{B00E1A56-63DE-4F26-BCC3-630141581289}.Release|Any CPU.Build.0 = Release|Any CPU
	EndGlobalSection
	GlobalSection(SolutionProperties) = preSolution
		HideSolutionNode = FALSE
	EndGlobalSection
	GlobalSection(NestedProjects) = preSolution
		{0F44F0ED-00B5-40AF-B05C-A6291C2AA3F4} = {5249B5AA-AE46-4698-A176-283985EEDDEA}
		{7176C21F-027E-480E-8054-CE5B6135CCE6} = {5249B5AA-AE46-4698-A176-283985EEDDEA}
		{8165C116-02EB-461D-B192-20057BE7AF1E} = {5249B5AA-AE46-4698-A176-283985EEDDEA}
		{B00E1A56-63DE-4F26-BCC3-630141581289} = {EE1EAD99-E343-470B-A5F1-5B826E32A296}
	EndGlobalSection
EndGlobal
